
Microsoft Visual Studio Solution File, Format Version 12.00
# Visual Studio Version 17
VisualStudioVersion = 17.11.35303.130
MinimumVisualStudioVersion = 10.0.40219.1
Project("{FAE04EC0-301F-11D3-BF4B-00C04F79EFBC}") = "KoiOrderingSystem_DAO", "KoiOrderingSystem_DAO\KoiOrderingSystem_DAO.csproj", "{4E60DBD1-7382-4171-91D0-2EF43D9244A8}"
EndProject
Project("{FAE04EC0-301F-11D3-BF4B-00C04F79EFBC}") = "KoiOrderingSystem_BusinessObject", "KoiOrderingSystem_BusinessObject\KoiOrderingSystem_BusinessObject.csproj", "{56322AED-33FD-459D-9782-514DF5E49968}"
EndProject
Project("{FAE04EC0-301F-11D3-BF4B-00C04F79EFBC}") = "KoiOrderingSystem_Repository", "KoiOrderingSystem_Repository\KoiOrderingSystem_Repository.csproj", "{FB53F8D2-C8B3-41F7-9C59-A327221D641D}"
EndProject
Project("{FAE04EC0-301F-11D3-BF4B-00C04F79EFBC}") = "KoiOrderingSystem_Service", "KoiOrderingSystem_Service\KoiOrderingSystem_Service.csproj", "{33053E0B-414E-4730-B48C-3A6FAFCD1ABB}"
EndProject
Project("{FAE04EC0-301F-11D3-BF4B-00C04F79EFBC}") = "KoiOrderingSystem_Web", "KoiOrderingSystem_Web\KoiOrderingSystem_Web.csproj", "{22146147-8CFA-4C41-8648-B865345B7ADA}"
EndProject
Global
	GlobalSection(SolutionConfigurationPlatforms) = preSolution
		Debug|Any CPU = Debug|Any CPU
		Release|Any CPU = Release|Any CPU
	EndGlobalSection
	GlobalSection(ProjectConfigurationPlatforms) = postSolution
		{4E60DBD1-7382-4171-91D0-2EF43D9244A8}.Debug|Any CPU.ActiveCfg = Debug|Any CPU
		{4E60DBD1-7382-4171-91D0-2EF43D9244A8}.Debug|Any CPU.Build.0 = Debug|Any CPU
		{4E60DBD1-7382-4171-91D0-2EF43D9244A8}.Release|Any CPU.ActiveCfg = Release|Any CPU
		{4E60DBD1-7382-4171-91D0-2EF43D9244A8}.Release|Any CPU.Build.0 = Release|Any CPU
		{56322AED-33FD-459D-9782-514DF5E49968}.Debug|Any CPU.ActiveCfg = Debug|Any CPU
		{56322AED-33FD-459D-9782-514DF5E49968}.Debug|Any CPU.Build.0 = Debug|Any CPU
		{56322AED-33FD-459D-9782-514DF5E49968}.Release|Any CPU.ActiveCfg = Release|Any CPU
		{56322AED-33FD-459D-9782-514DF5E49968}.Release|Any CPU.Build.0 = Release|Any CPU
		{FB53F8D2-C8B3-41F7-9C59-A327221D641D}.Debug|Any CPU.ActiveCfg = Debug|Any CPU
		{FB53F8D2-C8B3-41F7-9C59-A327221D641D}.Debug|Any CPU.Build.0 = Debug|Any CPU
		{FB53F8D2-C8B3-41F7-9C59-A327221D641D}.Release|Any CPU.ActiveCfg = Release|Any CPU
		{FB53F8D2-C8B3-41F7-9C59-A327221D641D}.Release|Any CPU.Build.0 = Release|Any CPU
		{33053E0B-414E-4730-B48C-3A6FAFCD1ABB}.Debug|Any CPU.ActiveCfg = Debug|Any CPU
		{33053E0B-414E-4730-B48C-3A6FAFCD1ABB}.Debug|Any CPU.Build.0 = Debug|Any CPU
		{33053E0B-414E-4730-B48C-3A6FAFCD1ABB}.Release|Any CPU.ActiveCfg = Release|Any CPU
		{33053E0B-414E-4730-B48C-3A6FAFCD1ABB}.Release|Any CPU.Build.0 = Release|Any CPU
		{22146147-8CFA-4C41-8648-B865345B7ADA}.Debug|Any CPU.ActiveCfg = Debug|Any CPU
		{22146147-8CFA-4C41-8648-B865345B7ADA}.Debug|Any CPU.Build.0 = Debug|Any CPU
		{22146147-8CFA-4C41-8648-B865345B7ADA}.Release|Any CPU.ActiveCfg = Release|Any CPU
		{22146147-8CFA-4C41-8648-B865345B7ADA}.Release|Any CPU.Build.0 = Release|Any CPU
	EndGlobalSection
	GlobalSection(SolutionProperties) = preSolution
		HideSolutionNode = FALSE
	EndGlobalSection
	GlobalSection(ExtensibilityGlobals) = postSolution
		SolutionGuid = {EA2108C7-E8D7-42D3-9A10-2538660A2304}
	EndGlobalSection
EndGlobal
